
Microsoft Visual Studio Solution File, Format Version 12.00
# Visual Studio 15
Project("{FAE04EC0-301F-11D3-BF4B-00C04F79EFBC}") = "DotNetSeams", "DotNetSeams\DotNetSeams.csproj", "{770BDD63-AC31-4582-911B-B93073D8267F}"
EndProject
Global
	GlobalSection(SolutionConfigurationPlatforms) = preSolution
		Debug|Any CPU = Debug|Any CPU
		Release|Any CPU = Release|Any CPU
	EndGlobalSection
	GlobalSection(ProjectConfigurationPlatforms) = postSolution
		{770BDD63-AC31-4582-911B-B93073D8267F}.Debug|Any CPU.ActiveCfg = Debug|Any CPU
		{770BDD63-AC31-4582-911B-B93073D8267F}.Debug|Any CPU.Build.0 = Debug|Any CPU
		{770BDD63-AC31-4582-911B-B93073D8267F}.Release|Any CPU.ActiveCfg = Release|Any CPU
		{770BDD63-AC31-4582-911B-B93073D8267F}.Release|Any CPU.Build.0 = Release|Any CPU
	EndGlobalSection
EndGlobal
